
Microsoft Visual Studio Solution File, Format Version 12.00
# Visual Studio Version 17
VisualStudioVersion = 17.1.32421.90
MinimumVisualStudioVersion = 10.0.40219.1
Project("{9A19103F-16F7-4668-BE54-9A1E7A4F7556}") = "MBKC.API", "MBKC.API\MBKC.API.csproj", "{41C2DF3C-54FD-4427-B70E-0135F4F4B8AE}"
EndProject
Project("{9A19103F-16F7-4668-BE54-9A1E7A4F7556}") = "MBKC.Repository", "MBKC.Repository\MBKC.Repository.csproj", "{9A01FFE5-7E15-46AB-A8AC-821B23F8C86E}"
EndProject
Project("{9A19103F-16F7-4668-BE54-9A1E7A4F7556}") = "MBKC.Service", "MBKC.Service\MBKC.Service.csproj", "{D1227068-CBCA-47F4-BA9D-E674556A73CE}"
EndProject
Project("{9A19103F-16F7-4668-BE54-9A1E7A4F7556}") = "MBKC.PrivateAPI", "MBKC.PrivateAPI\MBKC.PrivateAPI.csproj", "{D9A9C9CF-F746-41DF-B600-0441F0C08D33}"
EndProject
Global
	GlobalSection(SolutionConfigurationPlatforms) = preSolution
		Debug|Any CPU = Debug|Any CPU
		Release|Any CPU = Release|Any CPU
	EndGlobalSection
	GlobalSection(ProjectConfigurationPlatforms) = postSolution
		{41C2DF3C-54FD-4427-B70E-0135F4F4B8AE}.Debug|Any CPU.ActiveCfg = Debug|Any CPU
		{41C2DF3C-54FD-4427-B70E-0135F4F4B8AE}.Debug|Any CPU.Build.0 = Debug|Any CPU
		{41C2DF3C-54FD-4427-B70E-0135F4F4B8AE}.Release|Any CPU.ActiveCfg = Release|Any CPU
		{41C2DF3C-54FD-4427-B70E-0135F4F4B8AE}.Release|Any CPU.Build.0 = Release|Any CPU
		{9A01FFE5-7E15-46AB-A8AC-821B23F8C86E}.Debug|Any CPU.ActiveCfg = Debug|Any CPU
		{9A01FFE5-7E15-46AB-A8AC-821B23F8C86E}.Debug|Any CPU.Build.0 = Debug|Any CPU
		{9A01FFE5-7E15-46AB-A8AC-821B23F8C86E}.Release|Any CPU.ActiveCfg = Release|Any CPU
		{9A01FFE5-7E15-46AB-A8AC-821B23F8C86E}.Release|Any CPU.Build.0 = Release|Any CPU
		{D1227068-CBCA-47F4-BA9D-E674556A73CE}.Debug|Any CPU.ActiveCfg = Debug|Any CPU
		{D1227068-CBCA-47F4-BA9D-E674556A73CE}.Debug|Any CPU.Build.0 = Debug|Any CPU
		{D1227068-CBCA-47F4-BA9D-E674556A73CE}.Release|Any CPU.ActiveCfg = Release|Any CPU
		{D1227068-CBCA-47F4-BA9D-E674556A73CE}.Release|Any CPU.Build.0 = Release|Any CPU
		{D9A9C9CF-F746-41DF-B600-0441F0C08D33}.Debug|Any CPU.ActiveCfg = Debug|Any CPU
		{D9A9C9CF-F746-41DF-B600-0441F0C08D33}.Debug|Any CPU.Build.0 = Debug|Any CPU
		{D9A9C9CF-F746-41DF-B600-0441F0C08D33}.Release|Any CPU.ActiveCfg = Release|Any CPU
		{D9A9C9CF-F746-41DF-B600-0441F0C08D33}.Release|Any CPU.Build.0 = Release|Any CPU
	EndGlobalSection
	GlobalSection(SolutionProperties) = preSolution
		HideSolutionNode = FALSE
	EndGlobalSection
	GlobalSection(ExtensibilityGlobals) = postSolution
		SolutionGuid = {C835E5DF-F5C3-465D-9647-67BBAB2EB1D6}
	EndGlobalSection
EndGlobal
